
Microsoft Visual Studio Solution File, Format Version 12.00
# Visual Studio 2013
VisualStudioVersion = 12.0.21005.1
MinimumVisualStudioVersion = 10.0.40219.1
Project("{FAE04EC0-301F-11D3-BF4B-00C04F79EFBC}") = "SimplexNoise", "SimplexNoise\SimplexNoise.csproj", "{D81D2790-23FE-419D-BED1-2A5A06641561}"
EndProject
Project("{FAE04EC0-301F-11D3-BF4B-00C04F79EFBC}") = "SimplexNoiseTest", "SimplexNoiseTest\SimplexNoiseTest.csproj", "{43090895-B26B-4504-BB96-6850483C0D18}"
EndProject
Global
	GlobalSection(SolutionConfigurationPlatforms) = preSolution
		Debug|Any CPU = Debug|Any CPU
		Release|Any CPU = Release|Any CPU
	EndGlobalSection
	GlobalSection(ProjectConfigurationPlatforms) = postSolution
		{D81D2790-23FE-419D-BED1-2A5A06641561}.Debug|Any CPU.ActiveCfg = Debug|Any CPU
		{D81D2790-23FE-419D-BED1-2A5A06641561}.Debug|Any CPU.Build.0 = Debug|Any CPU
		{D81D2790-23FE-419D-BED1-2A5A06641561}.Release|Any CPU.ActiveCfg = Release|Any CPU
		{D81D2790-23FE-419D-BED1-2A5A06641561}.Release|Any CPU.Build.0 = Release|Any CPU
		{43090895-B26B-4504-BB96-6850483C0D18}.Debug|Any CPU.ActiveCfg = Debug|Any CPU
		{43090895-B26B-4504-BB96-6850483C0D18}.Debug|Any CPU.Build.0 = Debug|Any CPU
		{43090895-B26B-4504-BB96-6850483C0D18}.Release|Any CPU.ActiveCfg = Release|Any CPU
		{43090895-B26B-4504-BB96-6850483C0D18}.Release|Any CPU.Build.0 = Release|Any CPU
	EndGlobalSection
	GlobalSection(SolutionProperties) = preSolution
		HideSolutionNode = FALSE
	EndGlobalSection
EndGlobal
